<?xml version="1.0" encoding="UTF-8"?>
<Project ToolsVersion="12.0" xmlns="http://schemas.microsoft.com/developer/msbuild/2003">
  <ItemGroup>
    <CustomBuild Include="C:\ncnn-master\ncnn-master\windows\CMakeFiles\602db634b7472b59297e3eaf7358b858\generate.stamp.rule">
      <Filter>CMake Rules</Filter>
    </CustomBuild>
  </ItemGroup>
  <ItemGroup>
    <Filter Include="CMake Rules">
      <UniqueIdentifier>{0E83829F-30B2-3857-953C-0BA7ADFE7A94}</UniqueIdentifier>
    </Filter>
  </ItemGroup>
</Project>
