<?xml version="1.0" encoding="utf-8"?>
<Project ToolsVersion="12.0" xmlns="http://schemas.microsoft.com/developer/msbuild/2003">
  <ItemGroup>
    <ClCompile Include="C:\ncnn-master\ncnn-master\tools\caffe2ncnn.cpp">
      <Filter>Source Files</Filter>
    </ClCompile>
    <ClCompile Include="caffe.pb.cc">
      <Filter>Source Files</Filter>
    </ClCompile>
  </ItemGroup>
  <ItemGroup>
    <Filter Include="Source Files">
      <UniqueIdentifier>{22D4A273-2A46-3E55-936C-561E17AD6267}</UniqueIdentifier>
    </Filter>
    <Filter Include="Header Files">
      <UniqueIdentifier>{795B1F65-0C78-3A1E-9ACC-A3B96E989F0F}</UniqueIdentifier>
    </Filter>
  </ItemGroup>
  <ItemGroup>
    <ClInclude Include="caffe.pb.h">
      <Filter>Header Files</Filter>
    </ClInclude>
  </ItemGroup>
  <ItemGroup>
    <None Include="..\..\tools\caffe.proto">
      <Filter>Source Files</Filter>
    </None>
  </ItemGroup>
</Project>